
Microsoft Visual Studio Solution File, Format Version 12.00
# Visual Studio 14
VisualStudioVersion = 14.0.25123.0
MinimumVisualStudioVersion = 10.0.40219.1
Project("{2150E333-8FDC-42A3-9474-1A3956D46DE8}") = "src", "src", "{12A9CB4E-7325-40AE-BAAD-4B1301550899}"
EndProject
Project("{2150E333-8FDC-42A3-9474-1A3956D46DE8}") = "Solution Items", "Solution Items", "{6E159010-C69B-4F8B-B38E-03C88A7D5540}"
	ProjectSection(SolutionItems) = preProject
		global.json = global.json
	EndProjectSection
EndProject
Project("{8BB2217D-0F2D-49D1-97BC-3654ED321F3B}") = "Redakt.Core", "src\Redakt.Core\Redakt.Core.xproj", "{18C8ED2D-A508-453A-80EF-0AFE7295F674}"
EndProject
Project("{8BB2217D-0F2D-49D1-97BC-3654ED321F3B}") = "Redakt.Model", "src\Redakt.Model\Redakt.Model.xproj", "{C7ACC94D-CD79-4BF5-8FDA-8C4BB8733E3F}"
EndProject
Project("{8BB2217D-0F2D-49D1-97BC-3654ED321F3B}") = "Redakt.Data", "src\Redakt.Data\Redakt.Data.xproj", "{7E004806-F749-441B-9CF7-05E14744D241}"
EndProject
Project("{8BB2217D-0F2D-49D1-97BC-3654ED321F3B}") = "Redakt.Data.Mongo", "src\Redakt.Data.Mongo\Redakt.Data.Mongo.xproj", "{C760469B-5A02-4D75-BB2F-803EA88F5537}"
EndProject
Project("{8BB2217D-0F2D-49D1-97BC-3654ED321F3B}") = "Redakt.BackOffice.Api", "src\Redakt.BackOffice.Api\Redakt.BackOffice.Api.xproj", "{89FC65D4-4A1D-43C1-AA02-CC3C18C53F7B}"
EndProject
Project("{8BB2217D-0F2D-49D1-97BC-3654ED321F3B}") = "Redakt.Web", "src\Redakt.Web\Redakt.Web.xproj", "{C8A71988-5231-4C02-8C86-935023CCE36C}"
EndProject
Project("{E24C65DC-7377-472B-9ABA-BC803B73C61A}") = "Redakt.BackOffice.Web", "src\Redakt.BackOffice.Web\", "{95CD0928-E8BF-42BE-A054-A8317C163C8F}"
	ProjectSection(WebsiteProperties) = preProject
		TargetFrameworkMoniker = ".NETFramework,Version%3Dv4.0"
		Debug.AspNetCompiler.VirtualPath = "/localhost_60061"
		Debug.AspNetCompiler.PhysicalPath = "src\Redakt.BackOffice.Web\"
		Debug.AspNetCompiler.TargetPath = "PrecompiledWeb\localhost_60061\"
		Debug.AspNetCompiler.Updateable = "true"
		Debug.AspNetCompiler.ForceOverwrite = "true"
		Debug.AspNetCompiler.FixedNames = "false"
		Debug.AspNetCompiler.Debug = "True"
		Release.AspNetCompiler.VirtualPath = "/localhost_60061"
		Release.AspNetCompiler.PhysicalPath = "src\Redakt.BackOffice.Web\"
		Release.AspNetCompiler.TargetPath = "PrecompiledWeb\localhost_60061\"
		Release.AspNetCompiler.Updateable = "true"
		Release.AspNetCompiler.ForceOverwrite = "true"
		Release.AspNetCompiler.FixedNames = "false"
		Release.AspNetCompiler.Debug = "False"
		VWDPort = "60061"
		SlnRelativePath = "src\Redakt.BackOffice.Web\"
	EndProjectSection
EndProject
Project("{8BB2217D-0F2D-49D1-97BC-3654ED321F3B}") = "Redakt.Starter.Web", "src\Redakt.Starter.Web\Redakt.Starter.Web.xproj", "{63F6FB4F-C97B-4DEB-81E7-DF1B75F44302}"
EndProject
Global
	GlobalSection(SolutionConfigurationPlatforms) = preSolution
		Debug|Any CPU = Debug|Any CPU
		Release|Any CPU = Release|Any CPU
	EndGlobalSection
	GlobalSection(ProjectConfigurationPlatforms) = postSolution
		{18C8ED2D-A508-453A-80EF-0AFE7295F674}.Debug|Any CPU.ActiveCfg = Debug|Any CPU
		{18C8ED2D-A508-453A-80EF-0AFE7295F674}.Debug|Any CPU.Build.0 = Debug|Any CPU
		{18C8ED2D-A508-453A-80EF-0AFE7295F674}.Release|Any CPU.ActiveCfg = Release|Any CPU
		{18C8ED2D-A508-453A-80EF-0AFE7295F674}.Release|Any CPU.Build.0 = Release|Any CPU
		{C7ACC94D-CD79-4BF5-8FDA-8C4BB8733E3F}.Debug|Any CPU.ActiveCfg = Debug|Any CPU
		{C7ACC94D-CD79-4BF5-8FDA-8C4BB8733E3F}.Debug|Any CPU.Build.0 = Debug|Any CPU
		{C7ACC94D-CD79-4BF5-8FDA-8C4BB8733E3F}.Release|Any CPU.ActiveCfg = Release|Any CPU
		{C7ACC94D-CD79-4BF5-8FDA-8C4BB8733E3F}.Release|Any CPU.Build.0 = Release|Any CPU
		{7E004806-F749-441B-9CF7-05E14744D241}.Debug|Any CPU.ActiveCfg = Debug|Any CPU
		{7E004806-F749-441B-9CF7-05E14744D241}.Debug|Any CPU.Build.0 = Debug|Any CPU
		{7E004806-F749-441B-9CF7-05E14744D241}.Release|Any CPU.ActiveCfg = Release|Any CPU
		{7E004806-F749-441B-9CF7-05E14744D241}.Release|Any CPU.Build.0 = Release|Any CPU
		{C760469B-5A02-4D75-BB2F-803EA88F5537}.Debug|Any CPU.ActiveCfg = Debug|Any CPU
		{C760469B-5A02-4D75-BB2F-803EA88F5537}.Debug|Any CPU.Build.0 = Debug|Any CPU
		{C760469B-5A02-4D75-BB2F-803EA88F5537}.Release|Any CPU.ActiveCfg = Release|Any CPU
		{C760469B-5A02-4D75-BB2F-803EA88F5537}.Release|Any CPU.Build.0 = Release|Any CPU
		{89FC65D4-4A1D-43C1-AA02-CC3C18C53F7B}.Debug|Any CPU.ActiveCfg = Debug|Any CPU
		{89FC65D4-4A1D-43C1-AA02-CC3C18C53F7B}.Debug|Any CPU.Build.0 = Debug|Any CPU
		{89FC65D4-4A1D-43C1-AA02-CC3C18C53F7B}.Release|Any CPU.ActiveCfg = Release|Any CPU
		{89FC65D4-4A1D-43C1-AA02-CC3C18C53F7B}.Release|Any CPU.Build.0 = Release|Any CPU
		{C8A71988-5231-4C02-8C86-935023CCE36C}.Debug|Any CPU.ActiveCfg = Debug|Any CPU
		{C8A71988-5231-4C02-8C86-935023CCE36C}.Debug|Any CPU.Build.0 = Debug|Any CPU
		{C8A71988-5231-4C02-8C86-935023CCE36C}.Release|Any CPU.ActiveCfg = Release|Any CPU
		{C8A71988-5231-4C02-8C86-935023CCE36C}.Release|Any CPU.Build.0 = Release|Any CPU
		{95CD0928-E8BF-42BE-A054-A8317C163C8F}.Debug|Any CPU.ActiveCfg = Debug|Any CPU
		{95CD0928-E8BF-42BE-A054-A8317C163C8F}.Debug|Any CPU.Build.0 = Debug|Any CPU
		{95CD0928-E8BF-42BE-A054-A8317C163C8F}.Release|Any CPU.ActiveCfg = Debug|Any CPU
		{95CD0928-E8BF-42BE-A054-A8317C163C8F}.Release|Any CPU.Build.0 = Debug|Any CPU
		{63F6FB4F-C97B-4DEB-81E7-DF1B75F44302}.Debug|Any CPU.ActiveCfg = Debug|Any CPU
		{63F6FB4F-C97B-4DEB-81E7-DF1B75F44302}.Debug|Any CPU.Build.0 = Debug|Any CPU
		{63F6FB4F-C97B-4DEB-81E7-DF1B75F44302}.Release|Any CPU.ActiveCfg = Release|Any CPU
		{63F6FB4F-C97B-4DEB-81E7-DF1B75F44302}.Release|Any CPU.Build.0 = Release|Any CPU
	EndGlobalSection
	GlobalSection(SolutionProperties) = preSolution
		HideSolutionNode = FALSE
	EndGlobalSection
	GlobalSection(NestedProjects) = preSolution
		{18C8ED2D-A508-453A-80EF-0AFE7295F674} = {12A9CB4E-7325-40AE-BAAD-4B1301550899}
		{C7ACC94D-CD79-4BF5-8FDA-8C4BB8733E3F} = {12A9CB4E-7325-40AE-BAAD-4B1301550899}
		{7E004806-F749-441B-9CF7-05E14744D241} = {12A9CB4E-7325-40AE-BAAD-4B1301550899}
		{C760469B-5A02-4D75-BB2F-803EA88F5537} = {12A9CB4E-7325-40AE-BAAD-4B1301550899}
		{89FC65D4-4A1D-43C1-AA02-CC3C18C53F7B} = {12A9CB4E-7325-40AE-BAAD-4B1301550899}
		{C8A71988-5231-4C02-8C86-935023CCE36C} = {12A9CB4E-7325-40AE-BAAD-4B1301550899}
		{95CD0928-E8BF-42BE-A054-A8317C163C8F} = {12A9CB4E-7325-40AE-BAAD-4B1301550899}
		{63F6FB4F-C97B-4DEB-81E7-DF1B75F44302} = {12A9CB4E-7325-40AE-BAAD-4B1301550899}
	EndGlobalSection
EndGlobal
